
Microsoft Visual Studio Solution File, Format Version 12.00
# Visual Studio Version 17
VisualStudioVersion = 17.8.34316.72
MinimumVisualStudioVersion = 10.0.40219.1
Project("{FAE04EC0-301F-11D3-BF4B-00C04F79EFBC}") = "Test", "Test.csproj", "{BCA32882-7332-4BBC-BB63-AA4287EC8C0C}"
EndProject
Global
	GlobalSection(SolutionConfigurationPlatforms) = preSolution
		Debug|Any CPU = Debug|Any CPU
		Release|Any CPU = Release|Any CPU
	EndGlobalSection
	GlobalSection(ProjectConfigurationPlatforms) = postSolution
		{BCA32882-7332-4BBC-BB63-AA4287EC8C0C}.Debug|Any CPU.ActiveCfg = Debug|Any CPU
		{BCA32882-7332-4BBC-BB63-AA4287EC8C0C}.Debug|Any CPU.Build.0 = Debug|Any CPU
		{BCA32882-7332-4BBC-BB63-AA4287EC8C0C}.Release|Any CPU.ActiveCfg = Release|Any CPU
		{BCA32882-7332-4BBC-BB63-AA4287EC8C0C}.Release|Any CPU.Build.0 = Release|Any CPU
	EndGlobalSection
	GlobalSection(SolutionProperties) = preSolution
		HideSolutionNode = FALSE
	EndGlobalSection
	GlobalSection(ExtensibilityGlobals) = postSolution
		SolutionGuid = {87A046DA-0E20-4CE9-9697-46C6D4CB9303}
	EndGlobalSection
EndGlobal
